
Microsoft Visual Studio Solution File, Format Version 12.00
# Visual Studio 14
VisualStudioVersion = 14.0.25420.1
MinimumVisualStudioVersion = 10.0.40219.1
Project("{FAE04EC0-301F-11D3-BF4B-00C04F79EFBC}") = "HW.Console", "HW.Console\HW.Console.csproj", "{1D88A4DF-A695-4A0B-A6CD-E82A2790A7DE}"
EndProject
Project("{FAE04EC0-301F-11D3-BF4B-00C04F79EFBC}") = "HW.Business", "HW.Business\HW.Business.csproj", "{923CAA58-F91C-4F08-9BC9-C0859B8040AA}"
EndProject
Project("{FAE04EC0-301F-11D3-BF4B-00C04F79EFBC}") = "HW.API", "HW.API\HW.API.csproj", "{C5218417-DFD8-4F23-8A64-61076DB635D5}"
EndProject
Project("{FAE04EC0-301F-11D3-BF4B-00C04F79EFBC}") = "HW.Test", "HW.Test\HW.Test.csproj", "{E7FEB7AB-60EA-4CF9-9489-12B98106FFD6}"
EndProject
Global
	GlobalSection(SolutionConfigurationPlatforms) = preSolution
		Debug|Any CPU = Debug|Any CPU
		Release|Any CPU = Release|Any CPU
	EndGlobalSection
	GlobalSection(ProjectConfigurationPlatforms) = postSolution
		{1D88A4DF-A695-4A0B-A6CD-E82A2790A7DE}.Debug|Any CPU.ActiveCfg = Debug|Any CPU
		{1D88A4DF-A695-4A0B-A6CD-E82A2790A7DE}.Debug|Any CPU.Build.0 = Debug|Any CPU
		{1D88A4DF-A695-4A0B-A6CD-E82A2790A7DE}.Release|Any CPU.ActiveCfg = Release|Any CPU
		{1D88A4DF-A695-4A0B-A6CD-E82A2790A7DE}.Release|Any CPU.Build.0 = Release|Any CPU
		{923CAA58-F91C-4F08-9BC9-C0859B8040AA}.Debug|Any CPU.ActiveCfg = Debug|Any CPU
		{923CAA58-F91C-4F08-9BC9-C0859B8040AA}.Debug|Any CPU.Build.0 = Debug|Any CPU
		{923CAA58-F91C-4F08-9BC9-C0859B8040AA}.Release|Any CPU.ActiveCfg = Release|Any CPU
		{923CAA58-F91C-4F08-9BC9-C0859B8040AA}.Release|Any CPU.Build.0 = Release|Any CPU
		{C5218417-DFD8-4F23-8A64-61076DB635D5}.Debug|Any CPU.ActiveCfg = Debug|Any CPU
		{C5218417-DFD8-4F23-8A64-61076DB635D5}.Debug|Any CPU.Build.0 = Debug|Any CPU
		{C5218417-DFD8-4F23-8A64-61076DB635D5}.Release|Any CPU.ActiveCfg = Release|Any CPU
		{C5218417-DFD8-4F23-8A64-61076DB635D5}.Release|Any CPU.Build.0 = Release|Any CPU
		{E7FEB7AB-60EA-4CF9-9489-12B98106FFD6}.Debug|Any CPU.ActiveCfg = Debug|Any CPU
		{E7FEB7AB-60EA-4CF9-9489-12B98106FFD6}.Debug|Any CPU.Build.0 = Debug|Any CPU
		{E7FEB7AB-60EA-4CF9-9489-12B98106FFD6}.Release|Any CPU.ActiveCfg = Release|Any CPU
		{E7FEB7AB-60EA-4CF9-9489-12B98106FFD6}.Release|Any CPU.Build.0 = Release|Any CPU
	EndGlobalSection
	GlobalSection(SolutionProperties) = preSolution
		HideSolutionNode = FALSE
	EndGlobalSection
EndGlobal
